// !$*UTF8*$!
{
	archiveVersion = 1;
	classes = {
	};
	objectVersion = 55;
	objects = {

/* Begin PBXBuildFile section */
		1A4F5161285A47A600A1E8D0 /* AppDelegate.m in Sources */ = {isa = PBXBuildFile; fileRef = 1A4F5160285A47A600A1E8D0 /* AppDelegate.m */; };
		1A4F5164285A47A600A1E8D0 /* SceneDelegate.m in Sources */ = {isa = PBXBuildFile; fileRef = 1A4F5163285A47A600A1E8D0 /* SceneDelegate.m */; };
		1A4F5167285A47A600A1E8D0 /* ViewController.m in Sources */ = {isa = PBXBuildFile; fileRef = 1A4F5166285A47A600A1E8D0 /* ViewController.m */; };
		1A4F516A285A47A600A1E8D0 /* Main.storyboard in Resources */ = {isa = PBXBuildFile; fileRef = 1A4F5168285A47A600A1E8D0 /* Main.storyboard */; };
		1A4F516C285A47A900A1E8D0 /* Assets.xcassets in Resources */ = {isa = PBXBuildFile; fileRef = 1A4F516B285A47A900A1E8D0 /* Assets.xcassets */; };
		1A4F516F285A47A900A1E8D0 /* LaunchScreen.storyboard in Resources */ = {isa = PBXBuildFile; fileRef = 1A4F516D285A47A900A1E8D0 /* LaunchScreen.storyboard */; };
		1A4F5172285A47A900A1E8D0 /* main.m in Sources */ = {isa = PBXBuildFile; fileRef = 1A4F5171285A47A900A1E8D0 /* main.m */; };
		1A4F517C285A47A900A1E8D0 /* FlixterTests.m in Sources */ = {isa = PBXBuildFile; fileRef = 1A4F517B285A47A900A1E8D0 /* FlixterTests.m */; };
		1A4F5186285A47A900A1E8D0 /* FlixterUITests.m in Sources */ = {isa = PBXBuildFile; fileRef = 1A4F5185285A47A900A1E8D0 /* FlixterUITests.m */; };
		1A4F5188285A47A900A1E8D0 /* FlixterUITestsLaunchTests.m in Sources */ = {isa = PBXBuildFile; fileRef = 1A4F5187285A47A900A1E8D0 /* FlixterUITestsLaunchTests.m */; };
		1A4F5196285A884500A1E8D0 /* MovieViewController.m in Sources */ = {isa = PBXBuildFile; fileRef = 1A4F5195285A884500A1E8D0 /* MovieViewController.m */; };
		1D9679CAA6AE8B7DCF962842 /* Pods_FlixterTests.framework in Frameworks */ = {isa = PBXBuildFile; fileRef = DE81D347741BB5110D54B764 /* Pods_FlixterTests.framework */; };
		3AAD952B7D1D7782DDDCF21C /* Pods_Flixter_FlixterUITests.framework in Frameworks */ = {isa = PBXBuildFile; fileRef = 9AA08B91979AB939A3EBD31E /* Pods_Flixter_FlixterUITests.framework */; };
		4F79EB9EA900C215D8B1D58C /* Pods_Flixter.framework in Frameworks */ = {isa = PBXBuildFile; fileRef = CBA4216638175B263458D3EC /* Pods_Flixter.framework */; };
/* End PBXBuildFile section */

/* Begin PBXContainerItemProxy section */
		1A4F5178285A47A900A1E8D0 /* PBXContainerItemProxy */ = {
			isa = PBXContainerItemProxy;
			containerPortal = 1A4F5154285A47A600A1E8D0 /* Project object */;
			proxyType = 1;
			remoteGlobalIDString = 1A4F515B285A47A600A1E8D0;
			remoteInfo = Flixter;
		};
		1A4F5182285A47A900A1E8D0 /* PBXContainerItemProxy */ = {
			isa = PBXContainerItemProxy;
			containerPortal = 1A4F5154285A47A600A1E8D0 /* Project object */;
			proxyType = 1;
			remoteGlobalIDString = 1A4F515B285A47A600A1E8D0;
			remoteInfo = Flixter;
		};
/* End PBXContainerItemProxy section */

/* Begin PBXFileReference section */
		0850593940F9E0AC8788CEFB /* Pods-Flixter-FlixterUITests.release.xcconfig */ = {isa = PBXFileReference; includeInIndex = 1; lastKnownFileType = text.xcconfig; name = "Pods-Flixter-FlixterUITests.release.xcconfig"; path = "Target Support Files/Pods-Flixter-FlixterUITests/Pods-Flixter-FlixterUITests.release.xcconfig"; sourceTree = "<group>"; };
		1A4F515C285A47A600A1E8D0 /* Flixter.app */ = {isa = PBXFileReference; explicitFileType = wrapper.application; includeInIndex = 0; path = Flixter.app; sourceTree = BUILT_PRODUCTS_DIR; };
		1A4F515F285A47A600A1E8D0 /* AppDelegate.h */ = {isa = PBXFileReference; lastKnownFileType = sourcecode.c.h; path = AppDelegate.h; sourceTree = "<group>"; };
		1A4F5160285A47A600A1E8D0 /* AppDelegate.m */ = {isa = PBXFileReference; lastKnownFileType = sourcecode.c.objc; path = AppDelegate.m; sourceTree = "<group>"; };
		1A4F5162285A47A600A1E8D0 /* SceneDelegate.h */ = {isa = PBXFileReference; lastKnownFileType = sourcecode.c.h; path = SceneDelegate.h; sourceTree = "<group>"; };
		1A4F5163285A47A600A1E8D0 /* SceneDelegate.m */ = {isa = PBXFileReference; lastKnownFileType = sourcecode.c.objc; path = SceneDelegate.m; sourceTree = "<group>"; };
		1A4F5165285A47A600A1E8D0 /* ViewController.h */ = {isa = PBXFileReference; lastKnownFileType = sourcecode.c.h; path = ViewController.h; sourceTree = "<group>"; };
		1A4F5166285A47A600A1E8D0 /* ViewController.m */ = {isa = PBXFileReference; lastKnownFileType = sourcecode.c.objc; path = ViewController.m; sourceTree = "<group>"; };
		1A4F5169285A47A600A1E8D0 /* Base */ = {isa = PBXFileReference; lastKnownFileType = file.storyboard; name = Base; path = Base.lproj/Main.storyboard; sourceTree = "<group>"; };
		1A4F516B285A47A900A1E8D0 /* Assets.xcassets */ = {isa = PBXFileReference; lastKnownFileType = folder.assetcatalog; path = Assets.xcassets; sourceTree = "<group>"; };
		1A4F516E285A47A900A1E8D0 /* Base */ = {isa = PBXFileReference; lastKnownFileType = file.storyboard; name = Base; path = Base.lproj/LaunchScreen.storyboard; sourceTree = "<group>"; };
		1A4F5170285A47A900A1E8D0 /* Info.plist */ = {isa = PBXFileReference; lastKnownFileType = text.plist.xml; path = Info.plist; sourceTree = "<group>"; };
		1A4F5171285A47A900A1E8D0 /* main.m */ = {isa = PBXFileReference; lastKnownFileType = sourcecode.c.objc; path = main.m; sourceTree = "<group>"; };
		1A4F5177285A47A900A1E8D0 /* FlixterTests.xctest */ = {isa = PBXFileReference; explicitFileType = wrapper.cfbundle; includeInIndex = 0; path = FlixterTests.xctest; sourceTree = BUILT_PRODUCTS_DIR; };
		1A4F517B285A47A900A1E8D0 /* FlixterTests.m */ = {isa = PBXFileReference; lastKnownFileType = sourcecode.c.objc; path = FlixterTests.m; sourceTree = "<group>"; };
		1A4F5181285A47A900A1E8D0 /* FlixterUITests.xctest */ = {isa = PBXFileReference; explicitFileType = wrapper.cfbundle; includeInIndex = 0; path = FlixterUITests.xctest; sourceTree = BUILT_PRODUCTS_DIR; };
		1A4F5185285A47A900A1E8D0 /* FlixterUITests.m */ = {isa = PBXFileReference; lastKnownFileType = sourcecode.c.objc; path = FlixterUITests.m; sourceTree = "<group>"; };
		1A4F5187285A47A900A1E8D0 /* FlixterUITestsLaunchTests.m */ = {isa = PBXFileReference; lastKnownFileType = sourcecode.c.objc; path = FlixterUITestsLaunchTests.m; sourceTree = "<group>"; };
		1A4F5194285A884500A1E8D0 /* MovieViewController.h */ = {isa = PBXFileReference; lastKnownFileType = sourcecode.c.h; path = MovieViewController.h; sourceTree = "<group>"; };
		1A4F5195285A884500A1E8D0 /* MovieViewController.m */ = {isa = PBXFileReference; lastKnownFileType = sourcecode.c.objc; path = MovieViewController.m; sourceTree = "<group>"; };
		4276CB70E994CF657528EFEF /* Pods-Flixter.release.xcconfig */ = {isa = PBXFileReference; includeInIndex = 1; lastKnownFileType = text.xcconfig; name = "Pods-Flixter.release.xcconfig"; path = "Target Support Files/Pods-Flixter/Pods-Flixter.release.xcconfig"; sourceTree = "<group>"; };
		4950D00FCC0DC411A386F2EB /* Pods-Flixter-FlixterUITests.debug.xcconfig */ = {isa = PBXFileReference; includeInIndex = 1; lastKnownFileType = text.xcconfig; name = "Pods-Flixter-FlixterUITests.debug.xcconfig"; path = "Target Support Files/Pods-Flixter-FlixterUITests/Pods-Flixter-FlixterUITests.debug.xcconfig"; sourceTree = "<group>"; };
		563ABF57F4A45FB3202CA563 /* Pods-Flixter.debug.xcconfig */ = {isa = PBXFileReference; includeInIndex = 1; lastKnownFileType = text.xcconfig; name = "Pods-Flixter.debug.xcconfig"; path = "Target Support Files/Pods-Flixter/Pods-Flixter.debug.xcconfig"; sourceTree = "<group>"; };
		9AA08B91979AB939A3EBD31E /* Pods_Flixter_FlixterUITests.framework */ = {isa = PBXFileReference; explicitFileType = wrapper.framework; includeInIndex = 0; path = Pods_Flixter_FlixterUITests.framework; sourceTree = BUILT_PRODUCTS_DIR; };
		A32CB851FB233A68C2AB5E2A /* Pods-FlixterTests.debug.xcconfig */ = {isa = PBXFileReference; includeInIndex = 1; lastKnownFileType = text.xcconfig; name = "Pods-FlixterTests.debug.xcconfig"; path = "Target Support Files/Pods-FlixterTests/Pods-FlixterTests.debug.xcconfig"; sourceTree = "<group>"; };
		B18752FECDE585EE2BBF6DEE /* Pods-FlixterTests.release.xcconfig */ = {isa = PBXFileReference; includeInIndex = 1; lastKnownFileType = text.xcconfig; name = "Pods-FlixterTests.release.xcconfig"; path = "Target Support Files/Pods-FlixterTests/Pods-FlixterTests.release.xcconfig"; sourceTree = "<group>"; };
		CBA4216638175B263458D3EC /* Pods_Flixter.framework */ = {isa = PBXFileReference; explicitFileType = wrapper.framework; includeInIndex = 0; path = Pods_Flixter.framework; sourceTree = BUILT_PRODUCTS_DIR; };
		DE81D347741BB5110D54B764 /* Pods_FlixterTests.framework */ = {isa = PBXFileReference; explicitFileType = wrapper.framework; includeInIndex = 0; path = Pods_FlixterTests.framework; sourceTree = BUILT_PRODUCTS_DIR; };
/* End PBXFileReference section */

/* Begin PBXFrameworksBuildPhase section */
		1A4F5159285A47A600A1E8D0 /* Frameworks */ = {
			isa = PBXFrameworksBuildPhase;
			buildActionMask = 2147483647;
			files = (
				4F79EB9EA900C215D8B1D58C /* Pods_Flixter.framework in Frameworks */,
			);
			runOnlyForDeploymentPostprocessing = 0;
		};
		1A4F5174285A47A900A1E8D0 /* Frameworks */ = {
			isa = PBXFrameworksBuildPhase;
			buildActionMask = 2147483647;
			files = (
				1D9679CAA6AE8B7DCF962842 /* Pods_FlixterTests.framework in Frameworks */,
			);
			runOnlyForDeploymentPostprocessing = 0;
		};
		1A4F517E285A47A900A1E8D0 /* Frameworks */ = {
			isa = PBXFrameworksBuildPhase;
			buildActionMask = 2147483647;
			files = (
				3AAD952B7D1D7782DDDCF21C /* Pods_Flixter_FlixterUITests.framework in Frameworks */,
			);
			runOnlyForDeploymentPostprocessing = 0;
		};
/* End PBXFrameworksBuildPhase section */

/* Begin PBXGroup section */
		1A4F5153285A47A600A1E8D0 = {
			isa = PBXGroup;
			children = (
				1A4F515E285A47A600A1E8D0 /* Flixter */,
				1A4F517A285A47A900A1E8D0 /* FlixterTests */,
				1A4F5184285A47A900A1E8D0 /* FlixterUITests */,
				1A4F515D285A47A600A1E8D0 /* Products */,
				B2C78C41D6170B944CABCD1D /* Pods */,
				39AB37C9DECCC45D3DC279BD /* Frameworks */,
			);
			sourceTree = "<group>";
		};
		1A4F515D285A47A600A1E8D0 /* Products */ = {
			isa = PBXGroup;
			children = (
				1A4F515C285A47A600A1E8D0 /* Flixter.app */,
				1A4F5177285A47A900A1E8D0 /* FlixterTests.xctest */,
				1A4F5181285A47A900A1E8D0 /* FlixterUITests.xctest */,
			);
			name = Products;
			sourceTree = "<group>";
		};
		1A4F515E285A47A600A1E8D0 /* Flixter */ = {
			isa = PBXGroup;
			children = (
				1A4F515F285A47A600A1E8D0 /* AppDelegate.h */,
				1A4F5160285A47A600A1E8D0 /* AppDelegate.m */,
				1A4F5162285A47A600A1E8D0 /* SceneDelegate.h */,
				1A4F5163285A47A600A1E8D0 /* SceneDelegate.m */,
				1A4F5165285A47A600A1E8D0 /* ViewController.h */,
				1A4F5166285A47A600A1E8D0 /* ViewController.m */,
				1A4F5168285A47A600A1E8D0 /* Main.storyboard */,
				1A4F5194285A884500A1E8D0 /* MovieViewController.h */,
				1A4F5195285A884500A1E8D0 /* MovieViewController.m */,
				1A4F516B285A47A900A1E8D0 /* Assets.xcassets */,
				1A4F516D285A47A900A1E8D0 /* LaunchScreen.storyboard */,
				1A4F5170285A47A900A1E8D0 /* Info.plist */,
				1A4F5171285A47A900A1E8D0 /* main.m */,
			);
			path = Flixter;
			sourceTree = "<group>";
		};
		1A4F517A285A47A900A1E8D0 /* FlixterTests */ = {
			isa = PBXGroup;
			children = (
				1A4F517B285A47A900A1E8D0 /* FlixterTests.m */,
			);
			path = FlixterTests;
			sourceTree = "<group>";
		};
		1A4F5184285A47A900A1E8D0 /* FlixterUITests */ = {
			isa = PBXGroup;
			children = (
				1A4F5185285A47A900A1E8D0 /* FlixterUITests.m */,
				1A4F5187285A47A900A1E8D0 /* FlixterUITestsLaunchTests.m */,
			);
			path = FlixterUITests;
			sourceTree = "<group>";
		};
		39AB37C9DECCC45D3DC279BD /* Frameworks */ = {
			isa = PBXGroup;
			children = (
				CBA4216638175B263458D3EC /* Pods_Flixter.framework */,
				9AA08B91979AB939A3EBD31E /* Pods_Flixter_FlixterUITests.framework */,
				DE81D347741BB5110D54B764 /* Pods_FlixterTests.framework */,
			);
			name = Frameworks;
			sourceTree = "<group>";
		};
		B2C78C41D6170B944CABCD1D /* Pods */ = {
			isa = PBXGroup;
			children = (
				563ABF57F4A45FB3202CA563 /* Pods-Flixter.debug.xcconfig */,
				4276CB70E994CF657528EFEF /* Pods-Flixter.release.xcconfig */,
				4950D00FCC0DC411A386F2EB /* Pods-Flixter-FlixterUITests.debug.xcconfig */,
				0850593940F9E0AC8788CEFB /* Pods-Flixter-FlixterUITests.release.xcconfig */,
				A32CB851FB233A68C2AB5E2A /* Pods-FlixterTests.debug.xcconfig */,
				B18752FECDE585EE2BBF6DEE /* Pods-FlixterTests.release.xcconfig */,
			);
			path = Pods;
			sourceTree = "<group>";
		};
/* End PBXGroup section */

/* Begin PBXNativeTarget section */
		1A4F515B285A47A600A1E8D0 /* Flixter */ = {
			isa = PBXNativeTarget;
			buildConfigurationList = 1A4F518B285A47A900A1E8D0 /* Build configuration list for PBXNativeTarget "Flixter" */;
			buildPhases = (
				92C8F6A8CA60077F5DC374D3 /* [CP] Check Pods Manifest.lock */,
				1A4F5158285A47A600A1E8D0 /* Sources */,
				1A4F5159285A47A600A1E8D0 /* Frameworks */,
				1A4F515A285A47A600A1E8D0 /* Resources */,
			);
			buildRules = (
			);
			dependencies = (
			);
			name = Flixter;
			productName = Flixter;
			productReference = 1A4F515C285A47A600A1E8D0 /* Flixter.app */;
			productType = "com.apple.product-type.application";
		};
		1A4F5176285A47A900A1E8D0 /* FlixterTests */ = {
			isa = PBXNativeTarget;
			buildConfigurationList = 1A4F518E285A47A900A1E8D0 /* Build configuration list for PBXNativeTarget "FlixterTests" */;
			buildPhases = (
				C21BC655F80CAF03B87A4CA4 /* [CP] Check Pods Manifest.lock */,
				1A4F5173285A47A900A1E8D0 /* Sources */,
				1A4F5174285A47A900A1E8D0 /* Frameworks */,
				1A4F5175285A47A900A1E8D0 /* Resources */,
			);
			buildRules = (
			);
			dependencies = (
				1A4F5179285A47A900A1E8D0 /* PBXTargetDependency */,
			);
			name = FlixterTests;
			productName = FlixterTests;
			productReference = 1A4F5177285A47A900A1E8D0 /* FlixterTests.xctest */;
			productType = "com.apple.product-type.bundle.unit-test";
		};
		1A4F5180285A47A900A1E8D0 /* FlixterUITests */ = {
			isa = PBXNativeTarget;
			buildConfigurationList = 1A4F5191285A47A900A1E8D0 /* Build configuration list for PBXNativeTarget "FlixterUITests" */;
			buildPhases = (
				83F919A0A24383AA06AC3A89 /* [CP] Check Pods Manifest.lock */,
				1A4F517D285A47A900A1E8D0 /* Sources */,
				1A4F517E285A47A900A1E8D0 /* Frameworks */,
				1A4F517F285A47A900A1E8D0 /* Resources */,
			);
			buildRules = (
			);
			dependencies = (
				1A4F5183285A47A900A1E8D0 /* PBXTargetDependency */,
			);
			name = FlixterUITests;
			productName = FlixterUITests;
			productReference = 1A4F5181285A47A900A1E8D0 /* FlixterUITests.xctest */;
			productType = "com.apple.product-type.bundle.ui-testing";
		};
/* End PBXNativeTarget section */

/* Begin PBXProject section */
		1A4F5154285A47A600A1E8D0 /* Project object */ = {
			isa = PBXProject;
			attributes = {
				BuildIndependentTargetsInParallel = 1;
				LastUpgradeCheck = 1340;
				TargetAttributes = {
					1A4F515B285A47A600A1E8D0 = {
						CreatedOnToolsVersion = 13.4.1;
					};
					1A4F5176285A47A900A1E8D0 = {
						CreatedOnToolsVersion = 13.4.1;
						TestTargetID = 1A4F515B285A47A600A1E8D0;
					};
					1A4F5180285A47A900A1E8D0 = {
						CreatedOnToolsVersion = 13.4.1;
						TestTargetID = 1A4F515B285A47A600A1E8D0;
					};
				};
			};
			buildConfigurationList = 1A4F5157285A47A600A1E8D0 /* Build configuration list for PBXProject "Flixter" */;
			compatibilityVersion = "Xcode 13.0";
			developmentRegion = en;
			hasScannedForEncodings = 0;
			knownRegions = (
				en,
				Base,
			);
			mainGroup = 1A4F5153285A47A600A1E8D0;
			productRefGroup = 1A4F515D285A47A600A1E8D0 /* Products */;
			projectDirPath = "";
			projectRoot = "";
			targets = (
				1A4F515B285A47A600A1E8D0 /* Flixter */,
				1A4F5176285A47A900A1E8D0 /* FlixterTests */,
				1A4F5180285A47A900A1E8D0 /* FlixterUITests */,
			);
		};
/* End PBXProject section */

/* Begin PBXResourcesBuildPhase section */
		1A4F515A285A47A600A1E8D0 /* Resources */ = {
			isa = PBXResourcesBuildPhase;
			buildActionMask = 2147483647;
			files = (
				1A4F516F285A47A900A1E8D0 /* LaunchScreen.storyboard in Resources */,
				1A4F516C285A47A900A1E8D0 /* Assets.xcassets in Resources */,
				1A4F516A285A47A600A1E8D0 /* Main.storyboard in Resources */,
			);
			runOnlyForDeploymentPostprocessing = 0;
		};
		1A4F5175285A47A900A1E8D0 /* Resources */ = {
			isa = PBXResourcesBuildPhase;
			buildActionMask = 2147483647;
			files = (
			);
			runOnlyForDeploymentPostprocessing = 0;
		};
		1A4F517F285A47A900A1E8D0 /* Resources */ = {
			isa = PBXResourcesBuildPhase;
			buildActionMask = 2147483647;
			files = (
			);
			runOnlyForDeploymentPostprocessing = 0;
		};
/* End PBXResourcesBuildPhase section */

/* Begin PBXShellScriptBuildPhase section */
		83F919A0A24383AA06AC3A89 /* [CP] Check Pods Manifest.lock */ = {
			isa = PBXShellScriptBuildPhase;
			buildActionMask = 2147483647;
			files = (
			);
			inputFileListPaths = (
			);
			inputPaths = (
				"${PODS_PODFILE_DIR_PATH}/Podfile.lock",
				"${PODS_ROOT}/Manifest.lock",
			);
			name = "[CP] Check Pods Manifest.lock";
			outputFileListPaths = (
			);
			outputPaths = (
				"$(DERIVED_FILE_DIR)/Pods-Flixter-FlixterUITests-checkManifestLockResult.txt",
			);
			runOnlyForDeploymentPostprocessing = 0;
			shellPath = /bin/sh;
			shellScript = "diff \"${PODS_PODFILE_DIR_PATH}/Podfile.lock\" \"${PODS_ROOT}/Manifest.lock\" > /dev/null\nif [ $? != 0 ] ; then\n    # print error to STDERR\n    echo \"error: The sandbox is not in sync with the Podfile.lock. Run 'pod install' or update your CocoaPods installation.\" >&2\n    exit 1\nfi\n# This output is used by Xcode 'outputs' to avoid re-running this script phase.\necho \"SUCCESS\" > \"${SCRIPT_OUTPUT_FILE_0}\"\n";
			showEnvVarsInLog = 0;
		};
		92C8F6A8CA60077F5DC374D3 /* [CP] Check Pods Manifest.lock */ = {
			isa = PBXShellScriptBuildPhase;
			buildActionMask = 2147483647;
			files = (
			);
			inputFileListPaths = (
			);
			inputPaths = (
				"${PODS_PODFILE_DIR_PATH}/Podfile.lock",
				"${PODS_ROOT}/Manifest.lock",
			);
			name = "[CP] Check Pods Manifest.lock";
			outputFileListPaths = (
			);
			outputPaths = (
				"$(DERIVED_FILE_DIR)/Pods-Flixter-checkManifestLockResult.txt",
			);
			runOnlyForDeploymentPostprocessing = 0;
			shellPath = /bin/sh;
			shellScript = "diff \"${PODS_PODFILE_DIR_PATH}/Podfile.lock\" \"${PODS_ROOT}/Manifest.lock\" > /dev/null\nif [ $? != 0 ] ; then\n    # print error to STDERR\n    echo \"error: The sandbox is not in sync with the Podfile.lock. Run 'pod install' or update your CocoaPods installation.\" >&2\n    exit 1\nfi\n# This output is used by Xcode 'outputs' to avoid re-running this script phase.\necho \"SUCCESS\" > \"${SCRIPT_OUTPUT_FILE_0}\"\n";
			showEnvVarsInLog = 0;
		};
		C21BC655F80CAF03B87A4CA4 /* [CP] Check Pods Manifest.lock */ = {
			isa = PBXShellScriptBuildPhase;
			buildActionMask = 2147483647;
			files = (
			);
			inputFileListPaths = (
			);
			inputPaths = (
				"${PODS_PODFILE_DIR_PATH}/Podfile.lock",
				"${PODS_ROOT}/Manifest.lock",
			);
			name = "[CP] Check Pods Manifest.lock";
			outputFileListPaths = (
			);
			outputPaths = (
				"$(DERIVED_FILE_DIR)/Pods-FlixterTests-checkManifestLockResult.txt",
			);
			runOnlyForDeploymentPostprocessing = 0;
			shellPath = /bin/sh;
			shellScript = "diff \"${PODS_PODFILE_DIR_PATH}/Podfile.lock\" \"${PODS_ROOT}/Manifest.lock\" > /dev/null\nif [ $? != 0 ] ; then\n    # print error to STDERR\n    echo \"error: The sandbox is not in sync with the Podfile.lock. Run 'pod install' or update your CocoaPods installation.\" >&2\n    exit 1\nfi\n# This output is used by Xcode 'outputs' to avoid re-running this script phase.\necho \"SUCCESS\" > \"${SCRIPT_OUTPUT_FILE_0}\"\n";
			showEnvVarsInLog = 0;
		};
/* End PBXShellScriptBuildPhase section */

/* Begin PBXSourcesBuildPhase section */
		1A4F5158285A47A600A1E8D0 /* Sources */ = {
			isa = PBXSourcesBuildPhase;
			buildActionMask = 2147483647;
			files = (
				1A4F5167285A47A600A1E8D0 /* ViewController.m in Sources */,
				1A4F5196285A884500A1E8D0 /* MovieViewController.m in Sources */,
				1A4F5161285A47A600A1E8D0 /* AppDelegate.m in Sources */,
				1A4F5172285A47A900A1E8D0 /* main.m in Sources */,
				1A4F5164285A47A600A1E8D0 /* SceneDelegate.m in Sources */,
			);
			runOnlyForDeploymentPostprocessing = 0;
		};
		1A4F5173285A47A900A1E8D0 /* Sources */ = {
			isa = PBXSourcesBuildPhase;
			buildActionMask = 2147483647;
			files = (
				1A4F517C285A47A900A1E8D0 /* FlixterTests.m in Sources */,
			);
			runOnlyForDeploymentPostprocessing = 0;
		};
		1A4F517D285A47A900A1E8D0 /* Sources */ = {
			isa = PBXSourcesBuildPhase;
			buildActionMask = 2147483647;
			files = (
				1A4F5186285A47A900A1E8D0 /* FlixterUITests.m in Sources */,
				1A4F5188285A47A900A1E8D0 /* FlixterUITestsLaunchTests.m in Sources */,
			);
			runOnlyForDeploymentPostprocessing = 0;
		};
/* End PBXSourcesBuildPhase section */

/* Begin PBXTargetDependency section */
		1A4F5179285A47A900A1E8D0 /* PBXTargetDependency */ = {
			isa = PBXTargetDependency;
			target = 1A4F515B285A47A600A1E8D0 /* Flixter */;
			targetProxy = 1A4F5178285A47A900A1E8D0 /* PBXContainerItemProxy */;
		};
		1A4F5183285A47A900A1E8D0 /* PBXTargetDependency */ = {
			isa = PBXTargetDependency;
			target = 1A4F515B285A47A600A1E8D0 /* Flixter */;
			targetProxy = 1A4F5182285A47A900A1E8D0 /* PBXContainerItemProxy */;
		};
/* End PBXTargetDependency section */

/* Begin PBXVariantGroup section */
		1A4F5168285A47A600A1E8D0 /* Main.storyboard */ = {
			isa = PBXVariantGroup;
			children = (
				1A4F5169285A47A600A1E8D0 /* Base */,
			);
			name = Main.storyboard;
			sourceTree = "<group>";
		};
		1A4F516D285A47A900A1E8D0 /* LaunchScreen.storyboard */ = {
			isa = PBXVariantGroup;
			children = (
				1A4F516E285A47A900A1E8D0 /* Base */,
			);
			name = LaunchScreen.storyboard;
			sourceTree = "<group>";
		};
/* End PBXVariantGroup section */

/* Begin XCBuildConfiguration section */
		1A4F5189285A47A900A1E8D0 /* Debug */ = {
			isa = XCBuildConfiguration;
			buildSettings = {
				ALWAYS_SEARCH_USER_PATHS = NO;
				CLANG_ANALYZER_NONNULL = YES;
				CLANG_ANALYZER_NUMBER_OBJECT_CONVERSION = YES_AGGRESSIVE;
				CLANG_CXX_LANGUAGE_STANDARD = "gnu++17";
				CLANG_ENABLE_MODULES = YES;
				CLANG_ENABLE_OBJC_ARC = YES;
				CLANG_ENABLE_OBJC_WEAK = YES;
				CLANG_WARN_BLOCK_CAPTURE_AUTORELEASING = YES;
				CLANG_WARN_BOOL_CONVERSION = YES;
				CLANG_WARN_COMMA = YES;
				CLANG_WARN_CONSTANT_CONVERSION = YES;
				CLANG_WARN_DEPRECATED_OBJC_IMPLEMENTATIONS = YES;
				CLANG_WARN_DIRECT_OBJC_ISA_USAGE = YES_ERROR;
				CLANG_WARN_DOCUMENTATION_COMMENTS = YES;
				CLANG_WARN_EMPTY_BODY = YES;
				CLANG_WARN_ENUM_CONVERSION = YES;
				CLANG_WARN_INFINITE_RECURSION = YES;
				CLANG_WARN_INT_CONVERSION = YES;
				CLANG_WARN_NON_LITERAL_NULL_CONVERSION = YES;
				CLANG_WARN_OBJC_IMPLICIT_RETAIN_SELF = YES;
				CLANG_WARN_OBJC_LITERAL_CONVERSION = YES;
				CLANG_WARN_OBJC_ROOT_CLASS = YES_ERROR;
				CLANG_WARN_QUOTED_INCLUDE_IN_FRAMEWORK_HEADER = YES;
				CLANG_WARN_RANGE_LOOP_ANALYSIS = YES;
				CLANG_WARN_STRICT_PROTOTYPES = YES;
				CLANG_WARN_SUSPICIOUS_MOVE = YES;
				CLANG_WARN_UNGUARDED_AVAILABILITY = YES_AGGRESSIVE;
				CLANG_WARN_UNREACHABLE_CODE = YES;
				CLANG_WARN__DUPLICATE_METHOD_MATCH = YES;
				COPY_PHASE_STRIP = NO;
				DEBUG_INFORMATION_FORMAT = dwarf;
				ENABLE_STRICT_OBJC_MSGSEND = YES;
				ENABLE_TESTABILITY = YES;
				GCC_C_LANGUAGE_STANDARD = gnu11;
				GCC_DYNAMIC_NO_PIC = NO;
				GCC_NO_COMMON_BLOCKS = YES;
				GCC_OPTIMIZATION_LEVEL = 0;
				GCC_PREPROCESSOR_DEFINITIONS = (
					"DEBUG=1",
					"$(inherited)",
				);
				GCC_WARN_64_TO_32_BIT_CONVERSION = YES;
				GCC_WARN_ABOUT_RETURN_TYPE = YES_ERROR;
				GCC_WARN_UNDECLARED_SELECTOR = YES;
				GCC_WARN_UNINITIALIZED_AUTOS = YES_AGGRESSIVE;
				GCC_WARN_UNUSED_FUNCTION = YES;
				GCC_WARN_UNUSED_VARIABLE = YES;
				IPHONEOS_DEPLOYMENT_TARGET = 15.5;
				MTL_ENABLE_DEBUG_INFO = INCLUDE_SOURCE;
				MTL_FAST_MATH = YES;
				ONLY_ACTIVE_ARCH = YES;
				SDKROOT = iphoneos;
			};
			name = Debug;
		};
		1A4F518A285A47A900A1E8D0 /* Release */ = {
			isa = XCBuildConfiguration;
			buildSettings = {
				ALWAYS_SEARCH_USER_PATHS = NO;
				CLANG_ANALYZER_NONNULL = YES;
				CLANG_ANALYZER_NUMBER_OBJECT_CONVERSION = YES_AGGRESSIVE;
				CLANG_CXX_LANGUAGE_STANDARD = "gnu++17";
				CLANG_ENABLE_MODULES = YES;
				CLANG_ENABLE_OBJC_ARC = YES;
				CLANG_ENABLE_OBJC_WEAK = YES;
				CLANG_WARN_BLOCK_CAPTURE_AUTORELEASING = YES;
				CLANG_WARN_BOOL_CONVERSION = YES;
				CLANG_WARN_COMMA = YES;
				CLANG_WARN_CONSTANT_CONVERSION = YES;
				CLANG_WARN_DEPRECATED_OBJC_IMPLEMENTATIONS = YES;
				CLANG_WARN_DIRECT_OBJC_ISA_USAGE = YES_ERROR;
				CLANG_WARN_DOCUMENTATION_COMMENTS = YES;
				CLANG_WARN_EMPTY_BODY = YES;
				CLANG_WARN_ENUM_CONVERSION = YES;
				CLANG_WARN_INFINITE_RECURSION = YES;
				CLANG_WARN_INT_CONVERSION = YES;
				CLANG_WARN_NON_LITERAL_NULL_CONVERSION = YES;
				CLANG_WARN_OBJC_IMPLICIT_RETAIN_SELF = YES;
				CLANG_WARN_OBJC_LITERAL_CONVERSION = YES;
				CLANG_WARN_OBJC_ROOT_CLASS = YES_ERROR;
				CLANG_WARN_QUOTED_INCLUDE_IN_FRAMEWORK_HEADER = YES;
				CLANG_WARN_RANGE_LOOP_ANALYSIS = YES;
				CLANG_WARN_STRICT_PROTOTYPES = YES;
				CLANG_WARN_SUSPICIOUS_MOVE = YES;
				CLANG_WARN_UNGUARDED_AVAILABILITY = YES_AGGRESSIVE;
				CLANG_WARN_UNREACHABLE_CODE = YES;
				CLANG_WARN__DUPLICATE_METHOD_MATCH = YES;
				COPY_PHASE_STRIP = NO;
				DEBUG_INFORMATION_FORMAT = "dwarf-with-dsym";
				ENABLE_NS_ASSERTIONS = NO;
				ENABLE_STRICT_OBJC_MSGSEND = YES;
				GCC_C_LANGUAGE_STANDARD = gnu11;
				GCC_NO_COMMON_BLOCKS = YES;
				GCC_WARN_64_TO_32_BIT_CONVERSION = YES;
				GCC_WARN_ABOUT_RETURN_TYPE = YES_ERROR;
				GCC_WARN_UNDECLARED_SELECTOR = YES;
				GCC_WARN_UNINITIALIZED_AUTOS = YES_AGGRESSIVE;
				GCC_WARN_UNUSED_FUNCTION = YES;
				GCC_WARN_UNUSED_VARIABLE = YES;
				IPHONEOS_DEPLOYMENT_TARGET = 15.5;
				MTL_ENABLE_DEBUG_INFO = NO;
				MTL_FAST_MATH = YES;
				SDKROOT = iphoneos;
				VALIDATE_PRODUCT = YES;
			};
			name = Release;
		};
		1A4F518C285A47A900A1E8D0 /* Debug */ = {
			isa = XCBuildConfiguration;
			baseConfigurationReference = 563ABF57F4A45FB3202CA563 /* Pods-Flixter.debug.xcconfig */;
			buildSettings = {
				ASSETCATALOG_COMPILER_APPICON_NAME = AppIcon;
				ASSETCATALOG_COMPILER_GLOBAL_ACCENT_COLOR_NAME = AccentColor;
				CODE_SIGN_STYLE = Automatic;
				CURRENT_PROJECT_VERSION = 1;
				DEVELOPMENT_TEAM = 9SSZQWY7PM;
				GENERATE_INFOPLIST_FILE = YES;
				INFOPLIST_FILE = Flixter/Info.plist;
				INFOPLIST_KEY_UIApplicationSupportsIndirectInputEvents = YES;
				INFOPLIST_KEY_UILaunchStoryboardName = LaunchScreen;
				INFOPLIST_KEY_UIMainStoryboardFile = Main;
				INFOPLIST_KEY_UISupportedInterfaceOrientations_iPad = "UIInterfaceOrientationPortrait UIInterfaceOrientationPortraitUpsideDown UIInterfaceOrientationLandscapeLeft UIInterfaceOrientationLandscapeRight";
				INFOPLIST_KEY_UISupportedInterfaceOrientations_iPhone = "UIInterfaceOrientationPortrait UIInterfaceOrientationLandscapeLeft UIInterfaceOrientationLandscapeRight";
				LD_RUNPATH_SEARCH_PATHS = (
					"$(inherited)",
					"@executable_path/Frameworks",
				);
				MARKETING_VERSION = 1.0;
				PRODUCT_BUNDLE_IDENTIFIER = com.codepath.Flixter;
				PRODUCT_NAME = "$(TARGET_NAME)";
				SWIFT_EMIT_LOC_STRINGS = YES;
				TARGETED_DEVICE_FAMILY = "1,2";
			};
			name = Debug;
		};
		1A4F518D285A47A900A1E8D0 /* Release */ = {
			isa = XCBuildConfiguration;
			baseConfigurationReference = 4276CB70E994CF657528EFEF /* Pods-Flixter.release.xcconfig */;
			buildSettings = {
				ASSETCATALOG_COMPILER_APPICON_NAME = AppIcon;
				ASSETCATALOG_COMPILER_GLOBAL_ACCENT_COLOR_NAME = AccentColor;
				CODE_SIGN_STYLE = Automatic;
				CURRENT_PROJECT_VERSION = 1;
				DEVELOPMENT_TEAM = 9SSZQWY7PM;
				GENERATE_INFOPLIST_FILE = YES;
				INFOPLIST_FILE = Flixter/Info.plist;
				INFOPLIST_KEY_UIApplicationSupportsIndirectInputEvents = YES;
				INFOPLIST_KEY_UILaunchStoryboardName = LaunchScreen;
				INFOPLIST_KEY_UIMainStoryboardFile = Main;
				INFOPLIST_KEY_UISupportedInterfaceOrientations_iPad = "UIInterfaceOrientationPortrait UIInterfaceOrientationPortraitUpsideDown UIInterfaceOrientationLandscapeLeft UIInterfaceOrientationLandscapeRight";
				INFOPLIST_KEY_UISupportedInterfaceOrientations_iPhone = "UIInterfaceOrientationPortrait UIInterfaceOrientationLandscapeLeft UIInterfaceOrientationLandscapeRight";
				LD_RUNPATH_SEARCH_PATHS = (
					"$(inherited)",
					"@executable_path/Frameworks",
				);
				MARKETING_VERSION = 1.0;
				PRODUCT_BUNDLE_IDENTIFIER = com.codepath.Flixter;
				PRODUCT_NAME = "$(TARGET_NAME)";
				SWIFT_EMIT_LOC_STRINGS = YES;
				TARGETED_DEVICE_FAMILY = "1,2";
			};
			name = Release;
		};
		1A4F518F285A47A900A1E8D0 /* Debug */ = {
			isa = XCBuildConfiguration;
			baseConfigurationReference = A32CB851FB233A68C2AB5E2A /* Pods-FlixterTests.debug.xcconfig */;
			buildSettings = {
				BUNDLE_LOADER = "$(TEST_HOST)";
				CODE_SIGN_STYLE = Automatic;
				CURRENT_PROJECT_VERSION = 1;
				DEVELOPMENT_TEAM = 9SSZQWY7PM;
				GENERATE_INFOPLIST_FILE = YES;
				IPHONEOS_DEPLOYMENT_TARGET = 15.5;
				MARKETING_VERSION = 1.0;
				PRODUCT_BUNDLE_IDENTIFIER = com.codepath.FlixterTests;
				PRODUCT_NAME = "$(TARGET_NAME)";
				SWIFT_EMIT_LOC_STRINGS = NO;
				TARGETED_DEVICE_FAMILY = "1,2";
				TEST_HOST = "$(BUILT_PRODUCTS_DIR)/Flixter.app/Flixter";
			};
			name = Debug;
		};
		1A4F5190285A47A900A1E8D0 /* Release */ = {
			isa = XCBuildConfiguration;
			baseConfigurationReference = B18752FECDE585EE2BBF6DEE /* Pods-FlixterTests.release.xcconfig */;
			buildSettings = {
				BUNDLE_LOADER = "$(TEST_HOST)";
				CODE_SIGN_STYLE = Automatic;
				CURRENT_PROJECT_VERSION = 1;
				DEVELOPMENT_TEAM = 9SSZQWY7PM;
				GENERATE_INFOPLIST_FILE = YES;
				IPHONEOS_DEPLOYMENT_TARGET = 15.5;
				MARKETING_VERSION = 1.0;
				PRODUCT_BUNDLE_IDENTIFIER = com.codepath.FlixterTests;
				PRODUCT_NAME = "$(TARGET_NAME)";
				SWIFT_EMIT_LOC_STRINGS = NO;
				TARGETED_DEVICE_FAMILY = "1,2";
				TEST_HOST = "$(BUILT_PRODUCTS_DIR)/Flixter.app/Flixter";
			};
			name = Release;
		};
		1A4F5192285A47A900A1E8D0 /* Debug */ = {
			isa = XCBuildConfiguration;
			baseConfigurationReference = 4950D00FCC0DC411A386F2EB /* Pods-Flixter-FlixterUITests.debug.xcconfig */;
			buildSettings = {
				CODE_SIGN_STYLE = Automatic;
				CURRENT_PROJECT_VERSION = 1;
				DEVELOPMENT_TEAM = 9SSZQWY7PM;
				GENERATE_INFOPLIST_FILE = YES;
				MARKETING_VERSION = 1.0;
				PRODUCT_BUNDLE_IDENTIFIER = com.codepath.FlixterUITests;
				PRODUCT_NAME = "$(TARGET_NAME)";
				SWIFT_EMIT_LOC_STRINGS = NO;
				TARGETED_DEVICE_FAMILY = "1,2";
				TEST_TARGET_NAME = Flixter;
			};
			name = Debug;
		};
		1A4F5193285A47A900A1E8D0 /* Release */ = {
			isa = XCBuildConfiguration;
			baseConfigurationReference = 0850593940F9E0AC8788CEFB /* Pods-Flixter-FlixterUITests.release.xcconfig */;
			buildSettings = {
				CODE_SIGN_STYLE = Automatic;
				CURRENT_PROJECT_VERSION = 1;
				DEVELOPMENT_TEAM = 9SSZQWY7PM;
				GENERATE_INFOPLIST_FILE = YES;
				MARKETING_VERSION = 1.0;
				PRODUCT_BUNDLE_IDENTIFIER = com.codepath.FlixterUITests;
				PRODUCT_NAME = "$(TARGET_NAME)";
				SWIFT_EMIT_LOC_STRINGS = NO;
				TARGETED_DEVICE_FAMILY = "1,2";
				TEST_TARGET_NAME = Flixter;
			};
			name = Release;
		};
/* End XCBuildConfiguration section */

/* Begin XCConfigurationList section */
		1A4F5157285A47A600A1E8D0 /* Build configuration list for PBXProject "Flixter" */ = {
			isa = XCConfigurationList;
			buildConfigurations = (
				1A4F5189285A47A900A1E8D0 /* Debug */,
				1A4F518A285A47A900A1E8D0 /* Release */,
			);
			defaultConfigurationIsVisible = 0;
			defaultConfigurationName = Release;
		};
		1A4F518B285A47A900A1E8D0 /* Build configuration list for PBXNativeTarget "Flixter" */ = {
			isa = XCConfigurationList;
			buildConfigurations = (
				1A4F518C285A47A900A1E8D0 /* Debug */,
				1A4F518D285A47A900A1E8D0 /* Release */,
			);
			defaultConfigurationIsVisible = 0;
			defaultConfigurationName = Release;
		};
		1A4F518E285A47A900A1E8D0 /* Build configuration list for PBXNativeTarget "FlixterTests" */ = {
			isa = XCConfigurationList;
			buildConfigurations = (
				1A4F518F285A47A900A1E8D0 /* Debug */,
				1A4F5190285A47A900A1E8D0 /* Release */,
			);
			defaultConfigurationIsVisible = 0;
			defaultConfigurationName = Release;
		};
		1A4F5191285A47A900A1E8D0 /* Build configuration list for PBXNativeTarget "FlixterUITests" */ = {
			isa = XCConfigurationList;
			buildConfigurations = (
				1A4F5192285A47A900A1E8D0 /* Debug */,
				1A4F5193285A47A900A1E8D0 /* Release */,
			);
			defaultConfigurationIsVisible = 0;
			defaultConfigurationName = Release;
		};
/* End XCConfigurationList section */
	};
	rootObject = 1A4F5154285A47A600A1E8D0 /* Project object */;
}
